
Microsoft Visual Studio Solution File, Format Version 12.00
# Visual Studio Version 16
VisualStudioVersion = 16.0.29306.81
MinimumVisualStudioVersion = 10.0.40219.1
Project("{FAE04EC0-301F-11D3-BF4B-00C04F79EFBC}") = "C-SharpChallenge", "C-SharpChallenge\C-SharpChallenge.csproj", "{8929CFCF-119C-4A2E-80B1-13997E078551}"
EndProject
Global
	GlobalSection(SolutionConfigurationPlatforms) = preSolution
		Debug|Any CPU = Debug|Any CPU
		Release|Any CPU = Release|Any CPU
	EndGlobalSection
	GlobalSection(ProjectConfigurationPlatforms) = postSolution
		{8929CFCF-119C-4A2E-80B1-13997E078551}.Debug|Any CPU.ActiveCfg = Debug|Any CPU
		{8929CFCF-119C-4A2E-80B1-13997E078551}.Debug|Any CPU.Build.0 = Debug|Any CPU
		{8929CFCF-119C-4A2E-80B1-13997E078551}.Release|Any CPU.ActiveCfg = Release|Any CPU
		{8929CFCF-119C-4A2E-80B1-13997E078551}.Release|Any CPU.Build.0 = Release|Any CPU
	EndGlobalSection
	GlobalSection(SolutionProperties) = preSolution
		HideSolutionNode = FALSE
	EndGlobalSection
	GlobalSection(ExtensibilityGlobals) = postSolution
		SolutionGuid = {F2AC9E1D-1E7D-45CE-8EBD-70347A2D096B}
	EndGlobalSection
EndGlobal
